
Microsoft Visual Studio Solution File, Format Version 12.00
# Visual Studio Version 16
VisualStudioVersion = 16.0.30907.101
MinimumVisualStudioVersion = 10.0.40219.1
Project("{9A19103F-16F7-4668-BE54-9A1E7A4F7556}") = "OurFoodChain.Data", "OurFoodChain.Data\OurFoodChain.Data.csproj", "{14340242-4CB9-4918-B9A1-DBCD7377E3D9}"
EndProject
Project("{9A19103F-16F7-4668-BE54-9A1E7A4F7556}") = "OurFoodChain.Core", "OurFoodChain.Core\OurFoodChain.Core.csproj", "{A5E8EE9D-578C-4F7D-B7AA-52194D0A0C6F}"
EndProject
Project("{9A19103F-16F7-4668-BE54-9A1E7A4F7556}") = "OurFoodChain.Discord", "OurFoodChain.Discord\OurFoodChain.Discord.csproj", "{A4C5237A-E204-4180-8407-BCC8DDE9CD6B}"
EndProject
Global
	GlobalSection(SolutionConfigurationPlatforms) = preSolution
		Debug|Any CPU = Debug|Any CPU
		Release|Any CPU = Release|Any CPU
	EndGlobalSection
	GlobalSection(ProjectConfigurationPlatforms) = postSolution
		{14340242-4CB9-4918-B9A1-DBCD7377E3D9}.Debug|Any CPU.ActiveCfg = Debug|Any CPU
		{14340242-4CB9-4918-B9A1-DBCD7377E3D9}.Debug|Any CPU.Build.0 = Debug|Any CPU
		{14340242-4CB9-4918-B9A1-DBCD7377E3D9}.Release|Any CPU.ActiveCfg = Release|Any CPU
		{14340242-4CB9-4918-B9A1-DBCD7377E3D9}.Release|Any CPU.Build.0 = Release|Any CPU
		{A5E8EE9D-578C-4F7D-B7AA-52194D0A0C6F}.Debug|Any CPU.ActiveCfg = Debug|Any CPU
		{A5E8EE9D-578C-4F7D-B7AA-52194D0A0C6F}.Debug|Any CPU.Build.0 = Debug|Any CPU
		{A5E8EE9D-578C-4F7D-B7AA-52194D0A0C6F}.Release|Any CPU.ActiveCfg = Release|Any CPU
		{A5E8EE9D-578C-4F7D-B7AA-52194D0A0C6F}.Release|Any CPU.Build.0 = Release|Any CPU
		{A4C5237A-E204-4180-8407-BCC8DDE9CD6B}.Debug|Any CPU.ActiveCfg = Debug|Any CPU
		{A4C5237A-E204-4180-8407-BCC8DDE9CD6B}.Debug|Any CPU.Build.0 = Debug|Any CPU
		{A4C5237A-E204-4180-8407-BCC8DDE9CD6B}.Release|Any CPU.ActiveCfg = Release|Any CPU
		{A4C5237A-E204-4180-8407-BCC8DDE9CD6B}.Release|Any CPU.Build.0 = Release|Any CPU
	EndGlobalSection
	GlobalSection(SolutionProperties) = preSolution
		HideSolutionNode = FALSE
	EndGlobalSection
	GlobalSection(ExtensibilityGlobals) = postSolution
		SolutionGuid = {F4AF2CB8-7959-4AF6-A600-062DBA218755}
	EndGlobalSection
EndGlobal
